
Microsoft Visual Studio Solution File, Format Version 9.00
# Visual Studio 2005
Project("{FAE04EC0-301F-11D3-BF4B-00C04F79EFBC}") = "OX.DataBinding.TestApp", "OX.DataBinding.TestApp\OX.DataBinding.TestApp.csproj", "{A35E0199-EE49-447C-B7FA-808508B7F829}"
EndProject
Project("{FAE04EC0-301F-11D3-BF4B-00C04F79EFBC}") = "OX.DataBinding.Tests", "OX.DataBinding.Tests\OX.DataBinding.Tests.csproj", "{02508339-BF1F-4E61-9D2E-6CF67E372896}"
EndProject
Project("{FAE04EC0-301F-11D3-BF4B-00C04F79EFBC}") = "OX.DataBinding", "OX.DataBinding\OX.DataBinding.csproj", "{8E4A4DAA-ED2F-464F-B85E-70F3C00326F1}"
EndProject
Global
	GlobalSection(SubversionScc) = preSolution
		Svn-Managed = True
		Manager = AnkhSVN - Subversion Support for Visual Studio
	EndGlobalSection
	GlobalSection(SolutionConfigurationPlatforms) = preSolution
		Debug|Any CPU = Debug|Any CPU
		Release|Any CPU = Release|Any CPU
	EndGlobalSection
	GlobalSection(ProjectConfigurationPlatforms) = postSolution
		{A35E0199-EE49-447C-B7FA-808508B7F829}.Debug|Any CPU.ActiveCfg = Debug|Any CPU
		{A35E0199-EE49-447C-B7FA-808508B7F829}.Debug|Any CPU.Build.0 = Debug|Any CPU
		{A35E0199-EE49-447C-B7FA-808508B7F829}.Release|Any CPU.ActiveCfg = Release|Any CPU
		{A35E0199-EE49-447C-B7FA-808508B7F829}.Release|Any CPU.Build.0 = Release|Any CPU
		{02508339-BF1F-4E61-9D2E-6CF67E372896}.Debug|Any CPU.ActiveCfg = Debug|Any CPU
		{02508339-BF1F-4E61-9D2E-6CF67E372896}.Debug|Any CPU.Build.0 = Debug|Any CPU
		{02508339-BF1F-4E61-9D2E-6CF67E372896}.Release|Any CPU.ActiveCfg = Release|Any CPU
		{02508339-BF1F-4E61-9D2E-6CF67E372896}.Release|Any CPU.Build.0 = Release|Any CPU
		{8E4A4DAA-ED2F-464F-B85E-70F3C00326F1}.Debug|Any CPU.ActiveCfg = Debug|Any CPU
		{8E4A4DAA-ED2F-464F-B85E-70F3C00326F1}.Debug|Any CPU.Build.0 = Debug|Any CPU
		{8E4A4DAA-ED2F-464F-B85E-70F3C00326F1}.Release|Any CPU.ActiveCfg = Release|Any CPU
		{8E4A4DAA-ED2F-464F-B85E-70F3C00326F1}.Release|Any CPU.Build.0 = Release|Any CPU
	EndGlobalSection
	GlobalSection(SolutionProperties) = preSolution
		HideSolutionNode = FALSE
	EndGlobalSection
EndGlobal
